
Microsoft Visual Studio Solution File, Format Version 12.00
# Visual Studio Version 17
VisualStudioVersion = 17.5.33424.131
MinimumVisualStudioVersion = 10.0.40219.1
Project("{9A19103F-16F7-4668-BE54-9A1E7A4F7556}") = "WinFormsApp", "WinFormsApp\WinFormsApp.csproj", "{B1B0F9A0-2715-46C3-93A3-8A1497451839}"
EndProject
Project("{9A19103F-16F7-4668-BE54-9A1E7A4F7556}") = "OrderApp", "MyOrderApp\OrderApp.csproj", "{1C958BAA-4544-4B60-B285-EC78717A8058}"
EndProject
Global
	GlobalSection(SolutionConfigurationPlatforms) = preSolution
		Debug|Any CPU = Debug|Any CPU
		Release|Any CPU = Release|Any CPU
	EndGlobalSection
	GlobalSection(ProjectConfigurationPlatforms) = postSolution
		{B1B0F9A0-2715-46C3-93A3-8A1497451839}.Debug|Any CPU.ActiveCfg = Debug|Any CPU
		{B1B0F9A0-2715-46C3-93A3-8A1497451839}.Debug|Any CPU.Build.0 = Debug|Any CPU
		{B1B0F9A0-2715-46C3-93A3-8A1497451839}.Release|Any CPU.ActiveCfg = Release|Any CPU
		{B1B0F9A0-2715-46C3-93A3-8A1497451839}.Release|Any CPU.Build.0 = Release|Any CPU
		{1C958BAA-4544-4B60-B285-EC78717A8058}.Debug|Any CPU.ActiveCfg = Debug|Any CPU
		{1C958BAA-4544-4B60-B285-EC78717A8058}.Debug|Any CPU.Build.0 = Debug|Any CPU
		{1C958BAA-4544-4B60-B285-EC78717A8058}.Release|Any CPU.ActiveCfg = Release|Any CPU
		{1C958BAA-4544-4B60-B285-EC78717A8058}.Release|Any CPU.Build.0 = Release|Any CPU
	EndGlobalSection
	GlobalSection(SolutionProperties) = preSolution
		HideSolutionNode = FALSE
	EndGlobalSection
	GlobalSection(ExtensibilityGlobals) = postSolution
		SolutionGuid = {BB864F2D-F90C-4103-A3F9-C5CEE6508A7B}
	EndGlobalSection
EndGlobal
