
Microsoft Visual Studio Solution File, Format Version 12.00
# Visual Studio Version 17
VisualStudioVersion = 17.5.33530.505
MinimumVisualStudioVersion = 10.0.40219.1
Project("{FAE04EC0-301F-11D3-BF4B-00C04F79EFBC}") = "hw1_computer_windowApp", "hw1_computer_windowApp\hw1_computer_windowApp.csproj", "{A7FC8A23-F20B-46FA-9561-56BD2F074154}"
EndProject
Global
	GlobalSection(SolutionConfigurationPlatforms) = preSolution
		Debug|Any CPU = Debug|Any CPU
		Release|Any CPU = Release|Any CPU
	EndGlobalSection
	GlobalSection(ProjectConfigurationPlatforms) = postSolution
		{A7FC8A23-F20B-46FA-9561-56BD2F074154}.Debug|Any CPU.ActiveCfg = Debug|Any CPU
		{A7FC8A23-F20B-46FA-9561-56BD2F074154}.Debug|Any CPU.Build.0 = Debug|Any CPU
		{A7FC8A23-F20B-46FA-9561-56BD2F074154}.Release|Any CPU.ActiveCfg = Release|Any CPU
		{A7FC8A23-F20B-46FA-9561-56BD2F074154}.Release|Any CPU.Build.0 = Release|Any CPU
	EndGlobalSection
	GlobalSection(SolutionProperties) = preSolution
		HideSolutionNode = FALSE
	EndGlobalSection
	GlobalSection(ExtensibilityGlobals) = postSolution
		SolutionGuid = {F0B1AC96-1AAD-4AD4-9B4D-82B005451F90}
	EndGlobalSection
EndGlobal
