
Microsoft Visual Studio Solution File, Format Version 12.00
# Visual Studio Version 17
VisualStudioVersion = 17.5.33530.505
MinimumVisualStudioVersion = 10.0.40219.1
Project("{9A19103F-16F7-4668-BE54-9A1E7A4F7556}") = "Program1", "Program1\Program1.csproj", "{BE502044-3995-46A0-9DC5-A3D04134CBC2}"
EndProject
Project("{FAE04EC0-301F-11D3-BF4B-00C04F79EFBC}") = "Program2", "Program2\Program2.csproj", "{0A58F01F-51EF-425B-8B1D-81E67A66DBD4}"
EndProject
Global
	GlobalSection(SolutionConfigurationPlatforms) = preSolution
		Debug|Any CPU = Debug|Any CPU
		Release|Any CPU = Release|Any CPU
	EndGlobalSection
	GlobalSection(ProjectConfigurationPlatforms) = postSolution
		{BE502044-3995-46A0-9DC5-A3D04134CBC2}.Debug|Any CPU.ActiveCfg = Debug|Any CPU
		{BE502044-3995-46A0-9DC5-A3D04134CBC2}.Debug|Any CPU.Build.0 = Debug|Any CPU
		{BE502044-3995-46A0-9DC5-A3D04134CBC2}.Release|Any CPU.ActiveCfg = Release|Any CPU
		{BE502044-3995-46A0-9DC5-A3D04134CBC2}.Release|Any CPU.Build.0 = Release|Any CPU
		{0A58F01F-51EF-425B-8B1D-81E67A66DBD4}.Debug|Any CPU.ActiveCfg = Debug|Any CPU
		{0A58F01F-51EF-425B-8B1D-81E67A66DBD4}.Debug|Any CPU.Build.0 = Debug|Any CPU
		{0A58F01F-51EF-425B-8B1D-81E67A66DBD4}.Release|Any CPU.ActiveCfg = Release|Any CPU
		{0A58F01F-51EF-425B-8B1D-81E67A66DBD4}.Release|Any CPU.Build.0 = Release|Any CPU
	EndGlobalSection
	GlobalSection(SolutionProperties) = preSolution
		HideSolutionNode = FALSE
	EndGlobalSection
	GlobalSection(ExtensibilityGlobals) = postSolution
		SolutionGuid = {9A820057-ACC6-4247-A257-FD73F795BAFA}
	EndGlobalSection
EndGlobal
